
Microsoft Visual Studio Solution File, Format Version 12.00
# Visual Studio Version 16
VisualStudioVersion = 16.0.30803.129
MinimumVisualStudioVersion = 10.0.40219.1
Project("{9A19103F-16F7-4668-BE54-9A1E7A4F7556}") = "DailyPractice", "DailyPractice\DailyPractice.csproj", "{9E3388A9-6561-4F8E-88D6-C5085F88EA6D}"
EndProject
Project("{9A19103F-16F7-4668-BE54-9A1E7A4F7556}") = "Test", "Test\Test.csproj", "{328DD86C-B117-41AC-9EC1-E7E6896C4177}"
EndProject
Project("{FAE04EC0-301F-11D3-BF4B-00C04F79EFBC}") = "JianzhiOffer", "JianzhiOffer\JianzhiOffer.csproj", "{302DA5E9-FFDD-4D78-89DF-FE460C8874AA}"
EndProject
Project("{FAE04EC0-301F-11D3-BF4B-00C04F79EFBC}") = "MyConsole", "MyConsole\MyConsole.csproj", "{12729A68-0AB6-4BFF-9760-8A027E8B91A7}"
EndProject
Global
	GlobalSection(SolutionConfigurationPlatforms) = preSolution
		Debug|Any CPU = Debug|Any CPU
		Release|Any CPU = Release|Any CPU
	EndGlobalSection
	GlobalSection(ProjectConfigurationPlatforms) = postSolution
		{9E3388A9-6561-4F8E-88D6-C5085F88EA6D}.Debug|Any CPU.ActiveCfg = Debug|Any CPU
		{9E3388A9-6561-4F8E-88D6-C5085F88EA6D}.Debug|Any CPU.Build.0 = Debug|Any CPU
		{9E3388A9-6561-4F8E-88D6-C5085F88EA6D}.Release|Any CPU.ActiveCfg = Release|Any CPU
		{9E3388A9-6561-4F8E-88D6-C5085F88EA6D}.Release|Any CPU.Build.0 = Release|Any CPU
		{328DD86C-B117-41AC-9EC1-E7E6896C4177}.Debug|Any CPU.ActiveCfg = Debug|Any CPU
		{328DD86C-B117-41AC-9EC1-E7E6896C4177}.Debug|Any CPU.Build.0 = Debug|Any CPU
		{328DD86C-B117-41AC-9EC1-E7E6896C4177}.Release|Any CPU.ActiveCfg = Release|Any CPU
		{328DD86C-B117-41AC-9EC1-E7E6896C4177}.Release|Any CPU.Build.0 = Release|Any CPU
		{302DA5E9-FFDD-4D78-89DF-FE460C8874AA}.Debug|Any CPU.ActiveCfg = Debug|Any CPU
		{302DA5E9-FFDD-4D78-89DF-FE460C8874AA}.Debug|Any CPU.Build.0 = Debug|Any CPU
		{302DA5E9-FFDD-4D78-89DF-FE460C8874AA}.Release|Any CPU.ActiveCfg = Release|Any CPU
		{302DA5E9-FFDD-4D78-89DF-FE460C8874AA}.Release|Any CPU.Build.0 = Release|Any CPU
		{12729A68-0AB6-4BFF-9760-8A027E8B91A7}.Debug|Any CPU.ActiveCfg = Debug|Any CPU
		{12729A68-0AB6-4BFF-9760-8A027E8B91A7}.Debug|Any CPU.Build.0 = Debug|Any CPU
		{12729A68-0AB6-4BFF-9760-8A027E8B91A7}.Release|Any CPU.ActiveCfg = Release|Any CPU
		{12729A68-0AB6-4BFF-9760-8A027E8B91A7}.Release|Any CPU.Build.0 = Release|Any CPU
	EndGlobalSection
	GlobalSection(SolutionProperties) = preSolution
		HideSolutionNode = FALSE
	EndGlobalSection
	GlobalSection(ExtensibilityGlobals) = postSolution
		SolutionGuid = {5DA4D46B-29EF-419B-8ABD-BE498D835248}
	EndGlobalSection
EndGlobal
